
Microsoft Visual Studio Solution File, Format Version 12.00
# Visual Studio Version 16
VisualStudioVersion = 16.0.29123.88
MinimumVisualStudioVersion = 10.0.40219.1
Project("{8BC9CEB8-8B4A-11D0-8D11-00A0C91BC942}") = "C_Win32_BindShellSync", "C_Win32_BindShellSync.vcxproj", "{BE50A8A4-764A-4EC6-BCD3-124144C9260F}"
EndProject
Global
	GlobalSection(SolutionConfigurationPlatforms) = preSolution
		Debug|x64 = Debug|x64
		Debug|x86 = Debug|x86
		Release|x64 = Release|x64
		Release|x86 = Release|x86
	EndGlobalSection
	GlobalSection(ProjectConfigurationPlatforms) = postSolution
		{BE50A8A4-764A-4EC6-BCD3-124144C9260F}.Debug|x64.ActiveCfg = Debug|x64
		{BE50A8A4-764A-4EC6-BCD3-124144C9260F}.Debug|x64.Build.0 = Debug|x64
		{BE50A8A4-764A-4EC6-BCD3-124144C9260F}.Debug|x86.ActiveCfg = Debug|Win32
		{BE50A8A4-764A-4EC6-BCD3-124144C9260F}.Debug|x86.Build.0 = Debug|Win32
		{BE50A8A4-764A-4EC6-BCD3-124144C9260F}.Release|x64.ActiveCfg = Release|x64
		{BE50A8A4-764A-4EC6-BCD3-124144C9260F}.Release|x64.Build.0 = Release|x64
		{BE50A8A4-764A-4EC6-BCD3-124144C9260F}.Release|x86.ActiveCfg = Release|Win32
		{BE50A8A4-764A-4EC6-BCD3-124144C9260F}.Release|x86.Build.0 = Release|Win32
	EndGlobalSection
	GlobalSection(SolutionProperties) = preSolution
		HideSolutionNode = FALSE
	EndGlobalSection
	GlobalSection(ExtensibilityGlobals) = postSolution
		SolutionGuid = {F857651D-9C66-4F1F-84B2-9F6009C2B2E0}
	EndGlobalSection
EndGlobal
